
Microsoft Visual Studio Solution File, Format Version 12.00
# Visual Studio Version 16
VisualStudioVersion = 16.0.31727.386
MinimumVisualStudioVersion = 10.0.40219.1
Project("{FAE04EC0-301F-11D3-BF4B-00C04F79EFBC}") = "TugasTiga2", "TugasTiga2\TugasTiga2.csproj", "{3231A6AB-7808-4D88-A7A7-663DF6FAE539}"
EndProject
Global
	GlobalSection(SolutionConfigurationPlatforms) = preSolution
		Debug|Any CPU = Debug|Any CPU
		Release|Any CPU = Release|Any CPU
	EndGlobalSection
	GlobalSection(ProjectConfigurationPlatforms) = postSolution
		{3231A6AB-7808-4D88-A7A7-663DF6FAE539}.Debug|Any CPU.ActiveCfg = Debug|Any CPU
		{3231A6AB-7808-4D88-A7A7-663DF6FAE539}.Debug|Any CPU.Build.0 = Debug|Any CPU
		{3231A6AB-7808-4D88-A7A7-663DF6FAE539}.Release|Any CPU.ActiveCfg = Release|Any CPU
		{3231A6AB-7808-4D88-A7A7-663DF6FAE539}.Release|Any CPU.Build.0 = Release|Any CPU
	EndGlobalSection
	GlobalSection(SolutionProperties) = preSolution
		HideSolutionNode = FALSE
	EndGlobalSection
	GlobalSection(ExtensibilityGlobals) = postSolution
		SolutionGuid = {77575DEC-92B0-4617-856C-C67689C0479D}
	EndGlobalSection
EndGlobal
